PODS:
  - MaterialActivityIndicator (0.0.6)
  - SwiftLint (0.42.0)

DEPENDENCIES:
  - MaterialActivityIndicator (from `../`)
  - SwiftLint

SPEC REPOS:
  trunk:
    - SwiftLint

EXTERNAL SOURCES:
  MaterialActivityIndicator:
    :path: "../"

SPEC CHECKSUMS:
  MaterialActivityIndicator: 5061a52fadf7d22533734f2d34806311331bc424
  SwiftLint: 4fa9579c63416865179bc416f0a92d55f009600d

PODFILE CHECKSUM: 1c4817de43630a39be6b932338317b7440ef3580

COCOAPODS: 1.10.0
